
Microsoft Visual Studio Solution File, Format Version 12.00
# Visual Studio Version 17
VisualStudioVersion = 17.2.32630.192
MinimumVisualStudioVersion = 10.0.40219.1
Project("{9A19103F-16F7-4668-BE54-9A1E7A4F7556}") = "BadgeTracker", "BadgeTracker\BadgeTracker.csproj", "{34579B86-F95E-43FB-B381-CD6B1749B58E}"
EndProject
Project("{9A19103F-16F7-4668-BE54-9A1E7A4F7556}") = "BadgeTrackerTest", "BadgeTrackerTest\BadgeTrackerTest.csproj", "{C58B9672-A814-44D3-A97D-D2E1A78F739F}"
EndProject
Global
	GlobalSection(SolutionConfigurationPlatforms) = preSolution
		Debug|Any CPU = Debug|Any CPU
		Release|Any CPU = Release|Any CPU
	EndGlobalSection
	GlobalSection(ProjectConfigurationPlatforms) = postSolution
		{34579B86-F95E-43FB-B381-CD6B1749B58E}.Debug|Any CPU.ActiveCfg = Debug|Any CPU
		{34579B86-F95E-43FB-B381-CD6B1749B58E}.Debug|Any CPU.Build.0 = Debug|Any CPU
		{34579B86-F95E-43FB-B381-CD6B1749B58E}.Release|Any CPU.ActiveCfg = Release|Any CPU
		{34579B86-F95E-43FB-B381-CD6B1749B58E}.Release|Any CPU.Build.0 = Release|Any CPU
		{C58B9672-A814-44D3-A97D-D2E1A78F739F}.Debug|Any CPU.ActiveCfg = Debug|Any CPU
		{C58B9672-A814-44D3-A97D-D2E1A78F739F}.Debug|Any CPU.Build.0 = Debug|Any CPU
		{C58B9672-A814-44D3-A97D-D2E1A78F739F}.Release|Any CPU.ActiveCfg = Release|Any CPU
		{C58B9672-A814-44D3-A97D-D2E1A78F739F}.Release|Any CPU.Build.0 = Release|Any CPU
	EndGlobalSection
	GlobalSection(SolutionProperties) = preSolution
		HideSolutionNode = FALSE
	EndGlobalSection
	GlobalSection(ExtensibilityGlobals) = postSolution
		SolutionGuid = {E4E1C4AB-6CCE-4E8D-98EB-1047833ADE33}
	EndGlobalSection
EndGlobal
